
Microsoft Visual Studio Solution File, Format Version 12.00
# Visual Studio Version 16
VisualStudioVersion = 16.0.31025.194
MinimumVisualStudioVersion = 10.0.40219.1
Project("{FAE04EC0-301F-11D3-BF4B-00C04F79EFBC}") = "TodoAPI", "TodoAPI.csproj", "{9B73EC71-B65E-49B3-BD1C-1875524D06BB}"
EndProject
Global
	GlobalSection(SolutionConfigurationPlatforms) = preSolution
		Debug|Any CPU = Debug|Any CPU
		Release|Any CPU = Release|Any CPU
	EndGlobalSection
	GlobalSection(ProjectConfigurationPlatforms) = postSolution
		{9B73EC71-B65E-49B3-BD1C-1875524D06BB}.Debug|Any CPU.ActiveCfg = Debug|Any CPU
		{9B73EC71-B65E-49B3-BD1C-1875524D06BB}.Debug|Any CPU.Build.0 = Debug|Any CPU
		{9B73EC71-B65E-49B3-BD1C-1875524D06BB}.Release|Any CPU.ActiveCfg = Release|Any CPU
		{9B73EC71-B65E-49B3-BD1C-1875524D06BB}.Release|Any CPU.Build.0 = Release|Any CPU
	EndGlobalSection
	GlobalSection(SolutionProperties) = preSolution
		HideSolutionNode = FALSE
	EndGlobalSection
	GlobalSection(ExtensibilityGlobals) = postSolution
		SolutionGuid = {D3DFEC40-90D5-4A11-AE00-282714DE94E3}
	EndGlobalSection
EndGlobal
